{
  "name": "pointerlock",
  "version": "1.0.0",
  "lockfileVersion": 1,
  "requires": true,
  "dependencies": {
    "three": {
      "version": "0.138.1",
      "resolved": "https://registry.npmjs.org/three/-/three-0.138.1.tgz",
      "integrity": "sha512-SDoBVP0zIc0f265Sc2qSOo0izme6EL+rQl+PuzzFSadLmbMpzUv6pGhyGGyKE0CGREYZXQRV2xybY1b6NY45lg==",
      "dev": true
    }
  }
}
